// !$*UTF8*$!
{
	archiveVersion = 1;
	classes = {
	};
	objectVersion = 46;
	objects = {

/* Begin PBXBuildFile section */
		123E3299BC2A261FD44E70FE /* libPods-SelectedMenu.a in Frameworks */ = {isa = PBXBuildFile; fileRef = 399974B79ED23A1E65E98D61 /* libPods-SelectedMenu.a */; };
		5BE41AAA1EE8DE770031DEB8 /* main.m in Sources */ = {isa = PBXBuildFile; fileRef = 5BE41AA91EE8DE770031DEB8 /* main.m */; };
		5BE41AAD1EE8DE770031DEB8 /* AppDelegate.m in Sources */ = {isa = PBXBuildFile; fileRef = 5BE41AAC1EE8DE770031DEB8 /* AppDelegate.m */; };
		5BE41AB01EE8DE770031DEB8 /* ViewController.m in Sources */ = {isa = PBXBuildFile; fileRef = 5BE41AAF1EE8DE770031DEB8 /* ViewController.m */; };
		5BE41AB31EE8DE770031DEB8 /* Main.storyboard in Resources */ = {isa = PBXBuildFile; fileRef = 5BE41AB11EE8DE770031DEB8 /* Main.storyboard */; };
		5BE41AB51EE8DE770031DEB8 /* Assets.xcassets in Resources */ = {isa = PBXBuildFile; fileRef = 5BE41AB41EE8DE770031DEB8 /* Assets.xcassets */; };
		5BE41AB81EE8DE770031DEB8 /* LaunchScreen.storyboard in Resources */ = {isa = PBXBuildFile; fileRef = 5BE41AB61EE8DE770031DEB8 /* LaunchScreen.storyboard */; };
		5BE41AC11EE8DEA40031DEB8 /* SelectedMenu.m in Sources */ = {isa = PBXBuildFile; fileRef = 5BE41AC01EE8DEA40031DEB8 /* SelectedMenu.m */; };
		5BE41AC61EE8E1CD0031DEB8 /* icon-down-select@2x.png in Resources */ = {isa = PBXBuildFile; fileRef = 5BE41AC21EE8E1CD0031DEB8 /* icon-down-select@2x.png */; };
		5BE41AC71EE8E1CD0031DEB8 /* icon-down-unselect@2x.png in Resources */ = {isa = PBXBuildFile; fileRef = 5BE41AC31EE8E1CD0031DEB8 /* icon-down-unselect@2x.png */; };
		5BE41AC81EE8E1CD0031DEB8 /* icon-up-select@2x.png in Resources */ = {isa = PBXBuildFile; fileRef = 5BE41AC41EE8E1CD0031DEB8 /* icon-up-select@2x.png */; };
		5BE41AC91EE8E1CD0031DEB8 /* icon-up-unselect@2x.png in Resources */ = {isa = PBXBuildFile; fileRef = 5BE41AC51EE8E1CD0031DEB8 /* icon-up-unselect@2x.png */; };
		5BE41ACF1EE8E6D60031DEB8 /* SelectedMenuButton.m in Sources */ = {isa = PBXBuildFile; fileRef = 5BE41ACE1EE8E6D60031DEB8 /* SelectedMenuButton.m */; };
/* End PBXBuildFile section */

/* Begin PBXFileReference section */
		399974B79ED23A1E65E98D61 /* libPods-SelectedMenu.a */ = {isa = PBXFileReference; explicitFileType = archive.ar; includeInIndex = 0; path = "libPods-SelectedMenu.a"; sourceTree = BUILT_PRODUCTS_DIR; };
		496243930EF44374A35FDD3F /* Pods-SelectedMenu.release.xcconfig */ = {isa = PBXFileReference; includeInIndex = 1; lastKnownFileType = text.xcconfig; name = "Pods-SelectedMenu.release.xcconfig"; path = "Pods/Target Support Files/Pods-SelectedMenu/Pods-SelectedMenu.release.xcconfig"; sourceTree = "<group>"; };
		5BE41AA51EE8DE770031DEB8 /* SelectedMenu.app */ = {isa = PBXFileReference; explicitFileType = wrapper.application; includeInIndex = 0; path = SelectedMenu.app; sourceTree = BUILT_PRODUCTS_DIR; };
		5BE41AA91EE8DE770031DEB8 /* main.m */ = {isa = PBXFileReference; lastKnownFileType = sourcecode.c.objc; path = main.m; sourceTree = "<group>"; };
		5BE41AAB1EE8DE770031DEB8 /* AppDelegate.h */ = {isa = PBXFileReference; lastKnownFileType = sourcecode.c.h; path = AppDelegate.h; sourceTree = "<group>"; };
		5BE41AAC1EE8DE770031DEB8 /* AppDelegate.m */ = {isa = PBXFileReference; lastKnownFileType = sourcecode.c.objc; path = AppDelegate.m; sourceTree = "<group>"; };
		5BE41AAE1EE8DE770031DEB8 /* ViewController.h */ = {isa = PBXFileReference; lastKnownFileType = sourcecode.c.h; path = ViewController.h; sourceTree = "<group>"; };
		5BE41AAF1EE8DE770031DEB8 /* ViewController.m */ = {isa = PBXFileReference; lastKnownFileType = sourcecode.c.objc; path = ViewController.m; sourceTree = "<group>"; };
		5BE41AB21EE8DE770031DEB8 /* Base */ = {isa = PBXFileReference; lastKnownFileType = file.storyboard; name = Base; path = Base.lproj/Main.storyboard; sourceTree = "<group>"; };
		5BE41AB41EE8DE770031DEB8 /* Assets.xcassets */ = {isa = PBXFileReference; lastKnownFileType = folder.assetcatalog; path = Assets.xcassets; sourceTree = "<group>"; };
		5BE41AB71EE8DE770031DEB8 /* Base */ = {isa = PBXFileReference; lastKnownFileType = file.storyboard; name = Base; path = Base.lproj/LaunchScreen.storyboard; sourceTree = "<group>"; };
		5BE41AB91EE8DE770031DEB8 /* Info.plist */ = {isa = PBXFileReference; lastKnownFileType = text.plist.xml; path = Info.plist; sourceTree = "<group>"; };
		5BE41ABF1EE8DEA40031DEB8 /* SelectedMenu.h */ = {isa = PBXFileReference; fileEncoding = 4; lastKnownFileType = sourcecode.c.h; path = SelectedMenu.h; sourceTree = "<group>"; };
		5BE41AC01EE8DEA40031DEB8 /* SelectedMenu.m */ = {isa = PBXFileReference; fileEncoding = 4; lastKnownFileType = sourcecode.c.objc; path = SelectedMenu.m; sourceTree = "<group>"; };
		5BE41AC21EE8E1CD0031DEB8 /* icon-down-select@2x.png */ = {isa = PBXFileReference; lastKnownFileType = image.png; path = "icon-down-select@2x.png"; sourceTree = "<group>"; };
		5BE41AC31EE8E1CD0031DEB8 /* icon-down-unselect@2x.png */ = {isa = PBXFileReference; lastKnownFileType = image.png; path = "icon-down-unselect@2x.png"; sourceTree = "<group>"; };
		5BE41AC41EE8E1CD0031DEB8 /* icon-up-select@2x.png */ = {isa = PBXFileReference; lastKnownFileType = image.png; path = "icon-up-select@2x.png"; sourceTree = "<group>"; };
		5BE41AC51EE8E1CD0031DEB8 /* icon-up-unselect@2x.png */ = {isa = PBXFileReference; lastKnownFileType = image.png; path = "icon-up-unselect@2x.png"; sourceTree = "<group>"; };
		5BE41ACD1EE8E6D60031DEB8 /* SelectedMenuButton.h */ = {isa = PBXFileReference; fileEncoding = 4; lastKnownFileType = sourcecode.c.h; path = SelectedMenuButton.h; sourceTree = "<group>"; };
		5BE41ACE1EE8E6D60031DEB8 /* SelectedMenuButton.m */ = {isa = PBXFileReference; fileEncoding = 4; lastKnownFileType = sourcecode.c.objc; path = SelectedMenuButton.m; sourceTree = "<group>"; };
		DC7414B0869C7A082BD6D7AA /* Pods-SelectedMenu.debug.xcconfig */ = {isa = PBXFileReference; includeInIndex = 1; lastKnownFileType = text.xcconfig; name = "Pods-SelectedMenu.debug.xcconfig"; path = "Pods/Target Support Files/Pods-SelectedMenu/Pods-SelectedMenu.debug.xcconfig"; sourceTree = "<group>"; };
/* End PBXFileReference section */

/* Begin PBXFrameworksBuildPhase section */
		5BE41AA21EE8DE770031DEB8 /* Frameworks */ = {
			isa = PBXFrameworksBuildPhase;
			buildActionMask = 2147483647;
			files = (
				123E3299BC2A261FD44E70FE /* libPods-SelectedMenu.a in Frameworks */,
			);
			runOnlyForDeploymentPostprocessing = 0;
		};
/* End PBXFrameworksBuildPhase section */

/* Begin PBXGroup section */
		5BE41A9C1EE8DE770031DEB8 = {
			isa = PBXGroup;
			children = (
				5BE41AA71EE8DE770031DEB8 /* SelectedMenu */,
				5BE41AA61EE8DE770031DEB8 /* Products */,
				C3FC622FB4BBD8C3E0B528BE /* Pods */,
				99F27B5CCCBF4A5836CF58E5 /* Frameworks */,
			);
			sourceTree = "<group>";
		};
		5BE41AA61EE8DE770031DEB8 /* Products */ = {
			isa = PBXGroup;
			children = (
				5BE41AA51EE8DE770031DEB8 /* SelectedMenu.app */,
			);
			name = Products;
			sourceTree = "<group>";
		};
		5BE41AA71EE8DE770031DEB8 /* SelectedMenu */ = {
			isa = PBXGroup;
			children = (
				5BE41AAB1EE8DE770031DEB8 /* AppDelegate.h */,
				5BE41AAC1EE8DE770031DEB8 /* AppDelegate.m */,
				5BE41AAE1EE8DE770031DEB8 /* ViewController.h */,
				5BE41AAF1EE8DE770031DEB8 /* ViewController.m */,
				5BE41ABF1EE8DEA40031DEB8 /* SelectedMenu.h */,
				5BE41AC01EE8DEA40031DEB8 /* SelectedMenu.m */,
				5BE41ACD1EE8E6D60031DEB8 /* SelectedMenuButton.h */,
				5BE41ACE1EE8E6D60031DEB8 /* SelectedMenuButton.m */,
				5BE41AC21EE8E1CD0031DEB8 /* icon-down-select@2x.png */,
				5BE41AC31EE8E1CD0031DEB8 /* icon-down-unselect@2x.png */,
				5BE41AC41EE8E1CD0031DEB8 /* icon-up-select@2x.png */,
				5BE41AC51EE8E1CD0031DEB8 /* icon-up-unselect@2x.png */,
				5BE41AB11EE8DE770031DEB8 /* Main.storyboard */,
				5BE41AB41EE8DE770031DEB8 /* Assets.xcassets */,
				5BE41AB61EE8DE770031DEB8 /* LaunchScreen.storyboard */,
				5BE41AB91EE8DE770031DEB8 /* Info.plist */,
				5BE41AA81EE8DE770031DEB8 /* Supporting Files */,
			);
			path = SelectedMenu;
			sourceTree = "<group>";
		};
		5BE41AA81EE8DE770031DEB8 /* Supporting Files */ = {
			isa = PBXGroup;
			children = (
				5BE41AA91EE8DE770031DEB8 /* main.m */,
			);
			name = "Supporting Files";
			sourceTree = "<group>";
		};
		99F27B5CCCBF4A5836CF58E5 /* Frameworks */ = {
			isa = PBXGroup;
			children = (
				399974B79ED23A1E65E98D61 /* libPods-SelectedMenu.a */,
			);
			name = Frameworks;
			sourceTree = "<group>";
		};
		C3FC622FB4BBD8C3E0B528BE /* Pods */ = {
			isa = PBXGroup;
			children = (
				DC7414B0869C7A082BD6D7AA /* Pods-SelectedMenu.debug.xcconfig */,
				496243930EF44374A35FDD3F /* Pods-SelectedMenu.release.xcconfig */,
			);
			name = Pods;
			sourceTree = "<group>";
		};
/* End PBXGroup section */

/* Begin PBXNativeTarget section */
		5BE41AA41EE8DE770031DEB8 /* SelectedMenu */ = {
			isa = PBXNativeTarget;
			buildConfigurationList = 5BE41ABC1EE8DE770031DEB8 /* Build configuration list for PBXNativeTarget "SelectedMenu" */;
			buildPhases = (
				FCDB9F53B3CFAE60ECC84EA0 /* [CP] Check Pods Manifest.lock */,
				5BE41AA11EE8DE770031DEB8 /* Sources */,
				5BE41AA21EE8DE770031DEB8 /* Frameworks */,
				5BE41AA31EE8DE770031DEB8 /* Resources */,
				6716325AEDDDB1EC57817CFC /* [CP] Embed Pods Frameworks */,
				F109182D21814D06A0E5FD4E /* [CP] Copy Pods Resources */,
			);
			buildRules = (
			);
			dependencies = (
			);
			name = SelectedMenu;
			productName = SelectedMenu;
			productReference = 5BE41AA51EE8DE770031DEB8 /* SelectedMenu.app */;
			productType = "com.apple.product-type.application";
		};
/* End PBXNativeTarget section */

/* Begin PBXProject section */
		5BE41A9D1EE8DE770031DEB8 /* Project object */ = {
			isa = PBXProject;
			attributes = {
				LastUpgradeCheck = 0830;
				ORGANIZATIONNAME = "象萌cc002";
				TargetAttributes = {
					5BE41AA41EE8DE770031DEB8 = {
						CreatedOnToolsVersion = 8.3.2;
						ProvisioningStyle = Automatic;
					};
				};
			};
			buildConfigurationList = 5BE41AA01EE8DE770031DEB8 /* Build configuration list for PBXProject "SelectedMenu" */;
			compatibilityVersion = "Xcode 3.2";
			developmentRegion = English;
			hasScannedForEncodings = 0;
			knownRegions = (
				en,
				Base,
			);
			mainGroup = 5BE41A9C1EE8DE770031DEB8;
			productRefGroup = 5BE41AA61EE8DE770031DEB8 /* Products */;
			projectDirPath = "";
			projectRoot = "";
			targets = (
				5BE41AA41EE8DE770031DEB8 /* SelectedMenu */,
			);
		};
/* End PBXProject section */

/* Begin PBXResourcesBuildPhase section */
		5BE41AA31EE8DE770031DEB8 /* Resources */ = {
			isa = PBXResourcesBuildPhase;
			buildActionMask = 2147483647;
			files = (
				5BE41AB81EE8DE770031DEB8 /* LaunchScreen.storyboard in Resources */,
				5BE41AB51EE8DE770031DEB8 /* Assets.xcassets in Resources */,
				5BE41AC81EE8E1CD0031DEB8 /* icon-up-select@2x.png in Resources */,
				5BE41AC91EE8E1CD0031DEB8 /* icon-up-unselect@2x.png in Resources */,
				5BE41AB31EE8DE770031DEB8 /* Main.storyboard in Resources */,
				5BE41AC61EE8E1CD0031DEB8 /* icon-down-select@2x.png in Resources */,
				5BE41AC71EE8E1CD0031DEB8 /* icon-down-unselect@2x.png in Resources */,
			);
			runOnlyForDeploymentPostprocessing = 0;
		};
/* End PBXResourcesBuildPhase section */

/* Begin PBXShellScriptBuildPhase section */
		6716325AEDDDB1EC57817CFC /* [CP] Embed Pods Frameworks */ = {
			isa = PBXShellScriptBuildPhase;
			buildActionMask = 2147483647;
			files = (
			);
			inputPaths = (
			);
			name = "[CP] Embed Pods Frameworks";
			outputPaths = (
			);
			runOnlyForDeploymentPostprocessing = 0;
			shellPath = /bin/sh;
			shellScript = "\"${SRCROOT}/Pods/Target Support Files/Pods-SelectedMenu/Pods-SelectedMenu-frameworks.sh\"\n";
			showEnvVarsInLog = 0;
		};
		F109182D21814D06A0E5FD4E /* [CP] Copy Pods Resources */ = {
			isa = PBXShellScriptBuildPhase;
			buildActionMask = 2147483647;
			files = (
			);
			inputPaths = (
			);
			name = "[CP] Copy Pods Resources";
			outputPaths = (
			);
			runOnlyForDeploymentPostprocessing = 0;
			shellPath = /bin/sh;
			shellScript = "\"${SRCROOT}/Pods/Target Support Files/Pods-SelectedMenu/Pods-SelectedMenu-resources.sh\"\n";
			showEnvVarsInLog = 0;
		};
		FCDB9F53B3CFAE60ECC84EA0 /* [CP] Check Pods Manifest.lock */ = {
			isa = PBXShellScriptBuildPhase;
			buildActionMask = 2147483647;
			files = (
			);
			inputPaths = (
			);
			name = "[CP] Check Pods Manifest.lock";
			outputPaths = (
			);
			runOnlyForDeploymentPostprocessing = 0;
			shellPath = /bin/sh;
			shellScript = "diff \"${PODS_ROOT}/../Podfile.lock\" \"${PODS_ROOT}/Manifest.lock\" > /dev/null\nif [ $? != 0 ] ; then\n    # print error to STDERR\n    echo \"error: The sandbox is not in sync with the Podfile.lock. Run 'pod install' or update your CocoaPods installation.\" >&2\n    exit 1\nfi\n";
			showEnvVarsInLog = 0;
		};
/* End PBXShellScriptBuildPhase section */

/* Begin PBXSourcesBuildPhase section */
		5BE41AA11EE8DE770031DEB8 /* Sources */ = {
			isa = PBXSourcesBuildPhase;
			buildActionMask = 2147483647;
			files = (
				5BE41AB01EE8DE770031DEB8 /* ViewController.m in Sources */,
				5BE41AAD1EE8DE770031DEB8 /* AppDelegate.m in Sources */,
				5BE41ACF1EE8E6D60031DEB8 /* SelectedMenuButton.m in Sources */,
				5BE41AAA1EE8DE770031DEB8 /* main.m in Sources */,
				5BE41AC11EE8DEA40031DEB8 /* SelectedMenu.m in Sources */,
			);
			runOnlyForDeploymentPostprocessing = 0;
		};
/* End PBXSourcesBuildPhase section */

/* Begin PBXVariantGroup section */
		5BE41AB11EE8DE770031DEB8 /* Main.storyboard */ = {
			isa = PBXVariantGroup;
			children = (
				5BE41AB21EE8DE770031DEB8 /* Base */,
			);
			name = Main.storyboard;
			sourceTree = "<group>";
		};
		5BE41AB61EE8DE770031DEB8 /* LaunchScreen.storyboard */ = {
			isa = PBXVariantGroup;
			children = (
				5BE41AB71EE8DE770031DEB8 /* Base */,
			);
			name = LaunchScreen.storyboard;
			sourceTree = "<group>";
		};
/* End PBXVariantGroup section */

/* Begin XCBuildConfiguration section */
		5BE41ABA1EE8DE770031DEB8 /* Debug */ = {
			isa = XCBuildConfiguration;
			buildSettings = {
				ALWAYS_SEARCH_USER_PATHS = NO;
				CLANG_ANALYZER_NONNULL = YES;
				CLANG_ANALYZER_NUMBER_OBJECT_CONVERSION = YES_AGGRESSIVE;
				CLANG_CXX_LANGUAGE_STANDARD = "gnu++0x";
				CLANG_CXX_LIBRARY = "libc++";
				CLANG_ENABLE_MODULES = YES;
				CLANG_ENABLE_OBJC_ARC = YES;
				CLANG_WARN_BOOL_CONVERSION = YES;
				CLANG_WARN_CONSTANT_CONVERSION = YES;
				CLANG_WARN_DIRECT_OBJC_ISA_USAGE = YES_ERROR;
				CLANG_WARN_DOCUMENTATION_COMMENTS = YES;
				CLANG_WARN_EMPTY_BODY = YES;
				CLANG_WARN_ENUM_CONVERSION = YES;
				CLANG_WARN_INFINITE_RECURSION = YES;
				CLANG_WARN_INT_CONVERSION = YES;
				CLANG_WARN_OBJC_ROOT_CLASS = YES_ERROR;
				CLANG_WARN_SUSPICIOUS_MOVE = YES;
				CLANG_WARN_UNREACHABLE_CODE = YES;
				CLANG_WARN__DUPLICATE_METHOD_MATCH = YES;
				"CODE_SIGN_IDENTITY[sdk=iphoneos*]" = "iPhone Developer";
				COPY_PHASE_STRIP = NO;
				DEBUG_INFORMATION_FORMAT = dwarf;
				ENABLE_STRICT_OBJC_MSGSEND = YES;
				ENABLE_TESTABILITY = YES;
				GCC_C_LANGUAGE_STANDARD = gnu99;
				GCC_DYNAMIC_NO_PIC = NO;
				GCC_NO_COMMON_BLOCKS = YES;
				GCC_OPTIMIZATION_LEVEL = 0;
				GCC_PREPROCESSOR_DEFINITIONS = (
					"DEBUG=1",
					"$(inherited)",
				);
				GCC_WARN_64_TO_32_BIT_CONVERSION = YES;
				GCC_WARN_ABOUT_RETURN_TYPE = YES_ERROR;
				GCC_WARN_UNDECLARED_SELECTOR = YES;
				GCC_WARN_UNINITIALIZED_AUTOS = YES_AGGRESSIVE;
				GCC_WARN_UNUSED_FUNCTION = YES;
				GCC_WARN_UNUSED_VARIABLE = YES;
				IPHONEOS_DEPLOYMENT_TARGET = 10.3;
				MTL_ENABLE_DEBUG_INFO = YES;
				ONLY_ACTIVE_ARCH = YES;
				SDKROOT = iphoneos;
			};
			name = Debug;
		};
		5BE41ABB1EE8DE770031DEB8 /* Release */ = {
			isa = XCBuildConfiguration;
			buildSettings = {
				ALWAYS_SEARCH_USER_PATHS = NO;
				CLANG_ANALYZER_NONNULL = YES;
				CLANG_ANALYZER_NUMBER_OBJECT_CONVERSION = YES_AGGRESSIVE;
				CLANG_CXX_LANGUAGE_STANDARD = "gnu++0x";
				CLANG_CXX_LIBRARY = "libc++";
				CLANG_ENABLE_MODULES = YES;
				CLANG_ENABLE_OBJC_ARC = YES;
				CLANG_WARN_BOOL_CONVERSION = YES;
				CLANG_WARN_CONSTANT_CONVERSION = YES;
				CLANG_WARN_DIRECT_OBJC_ISA_USAGE = YES_ERROR;
				CLANG_WARN_DOCUMENTATION_COMMENTS = YES;
				CLANG_WARN_EMPTY_BODY = YES;
				CLANG_WARN_ENUM_CONVERSION = YES;
				CLANG_WARN_INFINITE_RECURSION = YES;
				CLANG_WARN_INT_CONVERSION = YES;
				CLANG_WARN_OBJC_ROOT_CLASS = YES_ERROR;
				CLANG_WARN_SUSPICIOUS_MOVE = YES;
				CLANG_WARN_UNREACHABLE_CODE = YES;
				CLANG_WARN__DUPLICATE_METHOD_MATCH = YES;
				"CODE_SIGN_IDENTITY[sdk=iphoneos*]" = "iPhone Developer";
				COPY_PHASE_STRIP = NO;
				DEBUG_INFORMATION_FORMAT = "dwarf-with-dsym";
				ENABLE_NS_ASSERTIONS = NO;
				ENABLE_STRICT_OBJC_MSGSEND = YES;
				GCC_C_LANGUAGE_STANDARD = gnu99;
				GCC_NO_COMMON_BLOCKS = YES;
				GCC_WARN_64_TO_32_BIT_CONVERSION = YES;
				GCC_WARN_ABOUT_RETURN_TYPE = YES_ERROR;
				GCC_WARN_UNDECLARED_SELECTOR = YES;
				GCC_WARN_UNINITIALIZED_AUTOS = YES_AGGRESSIVE;
				GCC_WARN_UNUSED_FUNCTION = YES;
				GCC_WARN_UNUSED_VARIABLE = YES;
				IPHONEOS_DEPLOYMENT_TARGET = 10.3;
				MTL_ENABLE_DEBUG_INFO = NO;
				SDKROOT = iphoneos;
				VALIDATE_PRODUCT = YES;
			};
			name = Release;
		};
		5BE41ABD1EE8DE770031DEB8 /* Debug */ = {
			isa = XCBuildConfiguration;
			baseConfigurationReference = DC7414B0869C7A082BD6D7AA /* Pods-SelectedMenu.debug.xcconfig */;
			buildSettings = {
				ASSETCATALOG_COMPILER_APPICON_NAME = AppIcon;
				INFOPLIST_FILE = SelectedMenu/Info.plist;
				LD_RUNPATH_SEARCH_PATHS = "$(inherited) @executable_path/Frameworks";
				PRODUCT_BUNDLE_IDENTIFIER = xm.SelectedMenu;
				PRODUCT_NAME = "$(TARGET_NAME)";
			};
			name = Debug;
		};
		5BE41ABE1EE8DE770031DEB8 /* Release */ = {
			isa = XCBuildConfiguration;
			baseConfigurationReference = 496243930EF44374A35FDD3F /* Pods-SelectedMenu.release.xcconfig */;
			buildSettings = {
				ASSETCATALOG_COMPILER_APPICON_NAME = AppIcon;
				INFOPLIST_FILE = SelectedMenu/Info.plist;
				LD_RUNPATH_SEARCH_PATHS = "$(inherited) @executable_path/Frameworks";
				PRODUCT_BUNDLE_IDENTIFIER = xm.SelectedMenu;
				PRODUCT_NAME = "$(TARGET_NAME)";
			};
			name = Release;
		};
/* End XCBuildConfiguration section */

/* Begin XCConfigurationList section */
		5BE41AA01EE8DE770031DEB8 /* Build configuration list for PBXProject "SelectedMenu" */ = {
			isa = XCConfigurationList;
			buildConfigurations = (
				5BE41ABA1EE8DE770031DEB8 /* Debug */,
				5BE41ABB1EE8DE770031DEB8 /* Release */,
			);
			defaultConfigurationIsVisible = 0;
			defaultConfigurationName = Release;
		};
		5BE41ABC1EE8DE770031DEB8 /* Build configuration list for PBXNativeTarget "SelectedMenu" */ = {
			isa = XCConfigurationList;
			buildConfigurations = (
				5BE41ABD1EE8DE770031DEB8 /* Debug */,
				5BE41ABE1EE8DE770031DEB8 /* Release */,
			);
			defaultConfigurationIsVisible = 0;
			defaultConfigurationName = Release;
		};
/* End XCConfigurationList section */
	};
	rootObject = 5BE41A9D1EE8DE770031DEB8 /* Project object */;
}
